
Microsoft Visual Studio Solution File, Format Version 12.00
# Visual Studio Version 17
VisualStudioVersion = 17.5.33414.496
MinimumVisualStudioVersion = 10.0.40219.1
Project("{FAE04EC0-301F-11D3-BF4B-00C04F79EFBC}") = "gaChildme.Server", "Server\gaChildme.Server.csproj", "{1B9F2898-79F0-4115-9A9B-0C3230F65015}"
EndProject
Project("{FAE04EC0-301F-11D3-BF4B-00C04F79EFBC}") = "gaChildme.Client", "Client\gaChildme.Client.csproj", "{BCE73090-52C0-4FEA-A0F7-A55375A036D3}"
EndProject
Project("{FAE04EC0-301F-11D3-BF4B-00C04F79EFBC}") = "gaChildme.Shared", "Shared\gaChildme.Shared.csproj", "{C30EEE81-D0D6-4F30-BC76-C94680391042}"
EndProject
Global
	GlobalSection(SolutionConfigurationPlatforms) = preSolution
		Debug|Any CPU = Debug|Any CPU
		Release|Any CPU = Release|Any CPU
	EndGlobalSection
	GlobalSection(ProjectConfigurationPlatforms) = postSolution
		{1B9F2898-79F0-4115-9A9B-0C3230F65015}.Debug|Any CPU.ActiveCfg = Debug|Any CPU
		{1B9F2898-79F0-4115-9A9B-0C3230F65015}.Debug|Any CPU.Build.0 = Debug|Any CPU
		{1B9F2898-79F0-4115-9A9B-0C3230F65015}.Release|Any CPU.ActiveCfg = Release|Any CPU
		{1B9F2898-79F0-4115-9A9B-0C3230F65015}.Release|Any CPU.Build.0 = Release|Any CPU
		{BCE73090-52C0-4FEA-A0F7-A55375A036D3}.Debug|Any CPU.ActiveCfg = Debug|Any CPU
		{BCE73090-52C0-4FEA-A0F7-A55375A036D3}.Debug|Any CPU.Build.0 = Debug|Any CPU
		{BCE73090-52C0-4FEA-A0F7-A55375A036D3}.Release|Any CPU.ActiveCfg = Release|Any CPU
		{BCE73090-52C0-4FEA-A0F7-A55375A036D3}.Release|Any CPU.Build.0 = Release|Any CPU
		{C30EEE81-D0D6-4F30-BC76-C94680391042}.Debug|Any CPU.ActiveCfg = Debug|Any CPU
		{C30EEE81-D0D6-4F30-BC76-C94680391042}.Debug|Any CPU.Build.0 = Debug|Any CPU
		{C30EEE81-D0D6-4F30-BC76-C94680391042}.Release|Any CPU.ActiveCfg = Release|Any CPU
		{C30EEE81-D0D6-4F30-BC76-C94680391042}.Release|Any CPU.Build.0 = Release|Any CPU
	EndGlobalSection
	GlobalSection(SolutionProperties) = preSolution
		HideSolutionNode = FALSE
	EndGlobalSection
	GlobalSection(ExtensibilityGlobals) = postSolution
		SolutionGuid = {35204FA3-FCDB-41DE-9A7B-303BBC89FB20}
	EndGlobalSection
EndGlobal
